{
  "name": "devops_sample_npm",
  "version": "1.0.1",
  "lockfileVersion": 1,
  "requires": true,
  "dependencies": {
    "asn1": {
      "version": "0.2.6",
      "resolved": "http://192.168.23.105:13004/repository/npm-group/asn1/-/asn1-0.2.6.tgz",
      "integrity": "sha1-DTp7tuZOAqkMAwOzHykoaOoJoI0=",
      "requires": {
        "safer-buffer": "~2.1.0"
      }
    },
    "devops_nexus": {
      "version": "1.0.0",
      "resolved": "http://192.168.23.105:13004/repository/npm-group/devops_nexus/-/devops_nexus-1.0.0.tgz",
      "integrity": "sha512-1Mf6FMe17Wx1pES+Pq1qhfiP/XsNI3SZqqjmgU7sfpyuWXeqk213S2Puk35Yaekpq7ax6ZiIw/DMwZaDifNCwg==",
      "requires": {
        "fs": "0.0.1-security",
        "node-rsa": "^1.1.1",
        "qr-image": "^3.2.0"
      }
    },
    "fs": {
      "version": "0.0.1-security",
      "resolved": "http://192.168.23.105:13004/repository/npm-group/fs/-/fs-0.0.1-security.tgz",
      "integrity": "sha1-invTcYa23d84E/I4WLV+yq9eQdQ="
    },
    "node-rsa": {
      "version": "1.1.1",
      "resolved": "http://192.168.23.105:13004/repository/npm-group/node-rsa/-/node-rsa-1.1.1.tgz",
      "integrity": "sha1-79mtOCCXeC9QYVM5hJb3nkRkQ00=",
      "requires": {
        "asn1": "^0.2.4"
      }
    },
    "qr-image": {
      "version": "3.2.0",
      "resolved": "http://192.168.23.105:13004/repository/npm-group/qr-image/-/qr-image-3.2.0.tgz",
      "integrity": "sha1-n6gpW+rlDEoUnPn5CaHbRkqGcug="
    },
    "safer-buffer": {
      "version": "2.1.2",
      "resolved": "http://192.168.23.105:13004/repository/npm-group/safer-buffer/-/safer-buffer-2.1.2.tgz",
      "integrity": "sha1-RPoWGwGHuVSd2Eu5GAL5vYOFzWo="
    }
  }
}
